
Microsoft Visual Studio Solution File, Format Version 12.00
# Visual Studio 15
VisualStudioVersion = 15.0.27703.2018
MinimumVisualStudioVersion = 10.0.40219.1
Project("{8BC9CEB8-8B4A-11D0-8D11-00A0C91BC942}") = "algebra_lib_vs_project", "algebra\lib\algebra_lib_vs_project\algebra_lib_vs_project.vcxproj", "{F6A993FB-EA38-45BE-8B38-22920F568AED}"
EndProject
Project("{8BC9CEB8-8B4A-11D0-8D11-00A0C91BC942}") = "algebra_test_vs_project", "algebra\test\algebra_test_vs_project\algebra_test_vs_project.vcxproj", "{15373B43-1088-4CD2-BDDF-28B17B357580}"
	ProjectSection(ProjectDependencies) = postProject
		{F6A993FB-EA38-45BE-8B38-22920F568AED} = {F6A993FB-EA38-45BE-8B38-22920F568AED}
	EndProjectSection
EndProject
Project("{8BC9CEB8-8B4A-11D0-8D11-00A0C91BC942}") = "string_lib_vs_project", "string\lib\string_lib_vs_project\string_lib_vs_project.vcxproj", "{F337E45A-42A8-4681-A2D2-A49A52451DA8}"
EndProject
Project("{8BC9CEB8-8B4A-11D0-8D11-00A0C91BC942}") = "string_test_vs_project", "string\test\string_test_vs_project\string_test_vs_project.vcxproj", "{AAD989D1-C3D8-4265-A2E4-68C1A98E738A}"
	ProjectSection(ProjectDependencies) = postProject
		{F337E45A-42A8-4681-A2D2-A49A52451DA8} = {F337E45A-42A8-4681-A2D2-A49A52451DA8}
	EndProjectSection
EndProject
Global
	GlobalSection(SolutionConfigurationPlatforms) = preSolution
		Debug|x64 = Debug|x64
		Debug|x86 = Debug|x86
		Release|x64 = Release|x64
		Release|x86 = Release|x86
	EndGlobalSection
	GlobalSection(ProjectConfigurationPlatforms) = postSolution
		{F6A993FB-EA38-45BE-8B38-22920F568AED}.Debug|x64.ActiveCfg = Debug|x64
		{F6A993FB-EA38-45BE-8B38-22920F568AED}.Debug|x64.Build.0 = Debug|x64
		{F6A993FB-EA38-45BE-8B38-22920F568AED}.Debug|x86.ActiveCfg = Debug|Win32
		{F6A993FB-EA38-45BE-8B38-22920F568AED}.Debug|x86.Build.0 = Debug|Win32
		{F6A993FB-EA38-45BE-8B38-22920F568AED}.Release|x64.ActiveCfg = Release|x64
		{F6A993FB-EA38-45BE-8B38-22920F568AED}.Release|x64.Build.0 = Release|x64
		{F6A993FB-EA38-45BE-8B38-22920F568AED}.Release|x86.ActiveCfg = Release|Win32
		{F6A993FB-EA38-45BE-8B38-22920F568AED}.Release|x86.Build.0 = Release|Win32
		{15373B43-1088-4CD2-BDDF-28B17B357580}.Debug|x64.ActiveCfg = Debug|x64
		{15373B43-1088-4CD2-BDDF-28B17B357580}.Debug|x64.Build.0 = Debug|x64
		{15373B43-1088-4CD2-BDDF-28B17B357580}.Debug|x86.ActiveCfg = Debug|Win32
		{15373B43-1088-4CD2-BDDF-28B17B357580}.Debug|x86.Build.0 = Debug|Win32
		{15373B43-1088-4CD2-BDDF-28B17B357580}.Release|x64.ActiveCfg = Release|x64
		{15373B43-1088-4CD2-BDDF-28B17B357580}.Release|x64.Build.0 = Release|x64
		{15373B43-1088-4CD2-BDDF-28B17B357580}.Release|x86.ActiveCfg = Release|Win32
		{15373B43-1088-4CD2-BDDF-28B17B357580}.Release|x86.Build.0 = Release|Win32
		{F337E45A-42A8-4681-A2D2-A49A52451DA8}.Debug|x64.ActiveCfg = Debug|x64
		{F337E45A-42A8-4681-A2D2-A49A52451DA8}.Debug|x64.Build.0 = Debug|x64
		{F337E45A-42A8-4681-A2D2-A49A52451DA8}.Debug|x86.ActiveCfg = Debug|Win32
		{F337E45A-42A8-4681-A2D2-A49A52451DA8}.Debug|x86.Build.0 = Debug|Win32
		{F337E45A-42A8-4681-A2D2-A49A52451DA8}.Release|x64.ActiveCfg = Release|x64
		{F337E45A-42A8-4681-A2D2-A49A52451DA8}.Release|x64.Build.0 = Release|x64
		{F337E45A-42A8-4681-A2D2-A49A52451DA8}.Release|x86.ActiveCfg = Release|Win32
		{F337E45A-42A8-4681-A2D2-A49A52451DA8}.Release|x86.Build.0 = Release|Win32
		{AAD989D1-C3D8-4265-A2E4-68C1A98E738A}.Debug|x64.ActiveCfg = Debug|x64
		{AAD989D1-C3D8-4265-A2E4-68C1A98E738A}.Debug|x64.Build.0 = Debug|x64
		{AAD989D1-C3D8-4265-A2E4-68C1A98E738A}.Debug|x86.ActiveCfg = Debug|Win32
		{AAD989D1-C3D8-4265-A2E4-68C1A98E738A}.Debug|x86.Build.0 = Debug|Win32
		{AAD989D1-C3D8-4265-A2E4-68C1A98E738A}.Release|x64.ActiveCfg = Release|x64
		{AAD989D1-C3D8-4265-A2E4-68C1A98E738A}.Release|x64.Build.0 = Release|x64
		{AAD989D1-C3D8-4265-A2E4-68C1A98E738A}.Release|x86.ActiveCfg = Release|Win32
		{AAD989D1-C3D8-4265-A2E4-68C1A98E738A}.Release|x86.Build.0 = Release|Win32
	EndGlobalSection
	GlobalSection(SolutionProperties) = preSolution
		HideSolutionNode = FALSE
	EndGlobalSection
	GlobalSection(ExtensibilityGlobals) = postSolution
		SolutionGuid = {F5E3190A-3631-4CF1-9ABA-8D49E6554DBC}
	EndGlobalSection
EndGlobal
